{
	"name": "ngx3js",
	"version": "0.136.0-2022010517",
	"lockfileVersion": 1,
	"requires": true,
	"dependencies": {
		"@rollup/plugin-inject": {
			"version": "4.0.3",
			"resolved": "https://registry.npmjs.org/@rollup/plugin-inject/-/plugin-inject-4.0.3.tgz",
			"integrity": "sha512-lzMXmj0LZjd67MI+M8H9dk/oCxR0TYqYAdZ6ZOejWQLSUtud+FUPu4NCMAO8KyWWAalFo8ean7yFHCMvCNsCZw==",
			"dev": true,
			"requires": {
				"@rollup/pluginutils": "^3.1.0",
				"estree-walker": "^2.0.1",
				"magic-string": "^0.25.7"
			}
		},
		"@rollup/pluginutils": {
			"version": "3.1.0",
			"resolved": "https://registry.npmjs.org/@rollup/pluginutils/-/pluginutils-3.1.0.tgz",
			"integrity": "sha512-GksZ6pr6TpIjHm8h9lSQ8pi8BE9VeubNT0OMJ3B5uZJ8pz73NPiqOtCog/x2/QzM1ENChPKxMDhiQuRHsqc+lg==",
			"dev": true,
			"requires": {
				"@types/estree": "0.0.39",
				"estree-walker": "^1.0.1",
				"picomatch": "^2.2.2"
			},
			"dependencies": {
				"estree-walker": {
					"version": "1.0.1",
					"resolved": "https://registry.npmjs.org/estree-walker/-/estree-walker-1.0.1.tgz",
					"integrity": "sha512-1fMXF3YP4pZZVozF8j/ZLfvnR8NSIljt56UhbZ5PeeDmmGHpgpdwQt7ITlGvYaQukCvuBRMLEiKiYC+oeIg4cg==",
					"dev": true
				}
			}
		},
		"@types/estree": {
			"version": "0.0.39",
			"resolved": "https://registry.npmjs.org/@types/estree/-/estree-0.0.39.tgz",
			"integrity": "sha512-EYNwp3bU+98cpU4lAWYYL7Zz+2gryWH1qbdDTidVd6hkiR6weksdbMadyXKXNPEkQFhXM+hVO9ZygomHXp+AIw==",
			"dev": true
		},
		"@types/three": {
			"version": "0.136.1",
			"resolved": "https://registry.npmjs.org/@types/three/-/three-0.136.1.tgz",
			"integrity": "sha512-gzTw6RR4dU8sGf+RpLBWWKHRVIJ4gwKVQPk+IFCgha04Efg/itXYUalX6iBcYeSmaDu0qE5M7uTq0XLQpU4FAg==",
			"dev": true
		},
		"estree-walker": {
			"version": "2.0.2",
			"resolved": "https://registry.npmjs.org/estree-walker/-/estree-walker-2.0.2.tgz",
			"integrity": "sha512-Rfkk/Mp/DL7JVje3u18FxFujQlTNR2q6QfMSMB7AvCBx91NGj/ba3kCfza0f6dVDbw7YlRf/nDrn7pQrCCyQ/w==",
			"dev": true
		},
		"gsap": {
			"version": "3.8.0",
			"resolved": "https://registry.npmjs.org/gsap/-/gsap-3.8.0.tgz",
			"integrity": "sha512-cvpzKkWFePDZCycwXwJnDSpTR3j+a4QLQF/t0c+pXqzRESgAYx5hieaoshzZFjbwsARqr0+5c3GKE7wI273w/g=="
		},
		"magic-string": {
			"version": "0.25.7",
			"resolved": "https://registry.npmjs.org/magic-string/-/magic-string-0.25.7.tgz",
			"integrity": "sha512-4CrMT5DOHTDk4HYDlzmwu4FVCcIYI8gauveasrdCu2IKIFOJ3f0v/8MDGJCDL9oD2ppz/Av1b0Nj345H9M+XIA==",
			"dev": true,
			"requires": {
				"sourcemap-codec": "^1.4.4"
			}
		},
		"picomatch": {
			"version": "2.3.0",
			"resolved": "https://registry.npmjs.org/picomatch/-/picomatch-2.3.0.tgz",
			"integrity": "sha512-lY1Q/PiJGC2zOv/z391WOTD+Z02bCgsFfvxoXXf6h7kv9o+WmsmzYqrAwY63sNgOxE4xEdq0WyUnXfKeBrSvYw==",
			"dev": true
		},
		"rollup-plugin-polyfill-node": {
			"version": "0.8.0",
			"resolved": "https://registry.npmjs.org/rollup-plugin-polyfill-node/-/rollup-plugin-polyfill-node-0.8.0.tgz",
			"integrity": "sha512-C4UeKedOmOBkB3FgR+z/v9kzRwV1Q/H8xWs1u1+CNe4XOV6hINfOrcO+TredKxYvopCmr+WKUSNsFUnD1RLHgQ==",
			"dev": true,
			"requires": {
				"@rollup/plugin-inject": "^4.0.0"
			}
		},
		"sourcemap-codec": {
			"version": "1.4.8",
			"resolved": "https://registry.npmjs.org/sourcemap-codec/-/sourcemap-codec-1.4.8.tgz",
			"integrity": "sha512-9NykojV5Uih4lgo5So5dtw+f0JgJX30KCNI8gwhz2J9A15wD0Ml6tjHKwf6fTSa6fAdVBdZeNOs9eJ71qCk8vA==",
			"dev": true
		},
		"three": {
			"version": "0.136.0",
			"resolved": "https://registry.npmjs.org/three/-/three-0.136.0.tgz",
			"integrity": "sha512-+fEMX7nYLz2ZesVP/dyifli5Jf8gR3XPAnFJveQ80aMhibFduzrADnjMbARXh8+W9qLK7rshJCjAIL/6cDxC+A=="
		},
		"tslib": {
			"version": "2.3.1",
			"resolved": "https://registry.npmjs.org/tslib/-/tslib-2.3.1.tgz",
			"integrity": "sha512-77EbyPPpMz+FRFRuAFlWMtmgUWGe9UOG2Z25NqCwiIjRhOf5iKGuzSe5P2w1laq+FkRy4p+PCuVkJSGkzTEKVw=="
		}
	}
}
