{
	"name": "ngx3js",
	"version": "0.134.0-20211109",
	"lockfileVersion": 2,
	"requires": true,
	"packages": {
		"": {
			"name": "ngx3js",
			"version": "0.134.0-20211109",
			"license": "MIT",
			"peerDependencies": {
				"@angular/common": "^12.2.10",
				"@angular/core": "^12.2.10",
				"@types/chroma-js": "^2.1.2",
				"@types/three": "0.134.0",
				"ammojs-typed": "^1.0.6",
				"chroma-js": "^2.1.2",
				"fs": "0.0.1-security",
				"fs-web": "^1.0.1",
				"gsap": "^3.8.0",
				"lil-gui": "^0.12.0",
				"rxjs": "^6.6.7",
				"three": "0.134.0"
			}
		},
		"node_modules/@angular/common": {
			"version": "12.2.13",
			"resolved": "https://registry.npmjs.org/@angular/common/-/common-12.2.13.tgz",
			"integrity": "sha512-I1t/jl9ojCwTJKT7PKHnk23D+vMHTHS/9qZ2nndCjzGusMK8029nn8l3tHAkwefvxZWSaLAk1MgsVcP+rHQNsQ==",
			"peer": true,
			"dependencies": {
				"tslib": "^2.2.0"
			},
			"engines": {
				"node": "^12.14.1 || >=14.0.0"
			},
			"peerDependencies": {
				"@angular/core": "12.2.13",
				"rxjs": "^6.5.3 || ^7.0.0"
			}
		},
		"node_modules/@angular/core": {
			"version": "12.2.13",
			"resolved": "https://registry.npmjs.org/@angular/core/-/core-12.2.13.tgz",
			"integrity": "sha512-tZ5nAnmOi418JDaJIFiiP9z2JrluMJZvUvXO4QDUs52BXaL2yuP7MJ2LczWOVJXrBLZXeZGfjDjZmaFPA24grg==",
			"peer": true,
			"dependencies": {
				"tslib": "^2.2.0"
			},
			"engines": {
				"node": "^12.14.1 || >=14.0.0"
			},
			"peerDependencies": {
				"rxjs": "^6.5.3 || ^7.0.0",
				"zone.js": "~0.11.4"
			}
		},
		"node_modules/@types/chroma-js": {
			"version": "2.1.3",
			"resolved": "https://registry.npmjs.org/@types/chroma-js/-/chroma-js-2.1.3.tgz",
			"integrity": "sha512-1xGPhoSGY1CPmXLCBcjVZSQinFjL26vlR8ZqprsBWiFyED4JacJJ9zHhh5aaUXqbY9B37mKQ73nlydVAXmr1+g==",
			"peer": true
		},
		"node_modules/@types/three": {
			"version": "0.134.0",
			"resolved": "https://registry.npmjs.org/@types/three/-/three-0.134.0.tgz",
			"integrity": "sha512-4YB+99Rgqq27EjiYTItEoZtdjLnTh8W9LxowgpC9eWsjaQJIL4Kn/ZcUKAnW3gB/jS4hqGN8iqmid+RcUZDzpA==",
			"peer": true
		},
		"node_modules/ammojs-typed": {
			"version": "1.0.6",
			"resolved": "https://registry.npmjs.org/ammojs-typed/-/ammojs-typed-1.0.6.tgz",
			"integrity": "sha512-ut/tD0m5eEdlJ5KK97ma6SIEGZ4FN3AJTSVz8wl6C4EtnpVQdP70lOwgDMJKsHjTohxc2/xEZl6yJfMBZNlQ5w==",
			"peer": true
		},
		"node_modules/chroma-js": {
			"version": "2.1.2",
			"resolved": "https://registry.npmjs.org/chroma-js/-/chroma-js-2.1.2.tgz",
			"integrity": "sha512-ri/ouYDWuxfus3UcaMxC1Tfp3IE9K5iQzxc2hSxbBRVNQFut1UuGAsZmiAf2mOUubzGJwgMSv9lHg+XqLaz1QQ==",
			"peer": true,
			"dependencies": {
				"cross-env": "^6.0.3"
			}
		},
		"node_modules/cross-env": {
			"version": "6.0.3",
			"resolved": "https://registry.npmjs.org/cross-env/-/cross-env-6.0.3.tgz",
			"integrity": "sha512-+KqxF6LCvfhWvADcDPqo64yVIB31gv/jQulX2NGzKS/g3GEVz6/pt4wjHFtFWsHMddebWD/sDthJemzM4MaAag==",
			"peer": true,
			"dependencies": {
				"cross-spawn": "^7.0.0"
			},
			"bin": {
				"cross-env": "src/bin/cross-env.js",
				"cross-env-shell": "src/bin/cross-env-shell.js"
			},
			"engines": {
				"node": ">=8.0"
			}
		},
		"node_modules/cross-spawn": {
			"version": "7.0.3",
			"resolved": "https://registry.npmjs.org/cross-spawn/-/cross-spawn-7.0.3.tgz",
			"integrity": "sha512-iRDPJKUPVEND7dHPO8rkbOnPpyDygcDFtWjpeWNCgy8WP2rXcxXL8TskReQl6OrB2G7+UJrags1q15Fudc7G6w==",
			"peer": true,
			"dependencies": {
				"path-key": "^3.1.0",
				"shebang-command": "^2.0.0",
				"which": "^2.0.1"
			},
			"engines": {
				"node": ">= 8"
			}
		},
		"node_modules/fs": {
			"version": "0.0.1-security",
			"resolved": "https://registry.npmjs.org/fs/-/fs-0.0.1-security.tgz",
			"integrity": "sha1-invTcYa23d84E/I4WLV+yq9eQdQ=",
			"peer": true
		},
		"node_modules/fs-web": {
			"version": "1.0.1",
			"resolved": "https://registry.npmjs.org/fs-web/-/fs-web-1.0.1.tgz",
			"integrity": "sha1-UxfnF6+U2xaH2oKkj8buT4CLEhs=",
			"peer": true,
			"dependencies": {
				"path": "git://github.com/component/path.git#7b4f23c38833a5232cd5e3d50ccb8cd13dbcd2f4"
			}
		},
		"node_modules/gsap": {
			"version": "3.8.0",
			"resolved": "https://registry.npmjs.org/gsap/-/gsap-3.8.0.tgz",
			"integrity": "sha512-cvpzKkWFePDZCycwXwJnDSpTR3j+a4QLQF/t0c+pXqzRESgAYx5hieaoshzZFjbwsARqr0+5c3GKE7wI273w/g==",
			"peer": true
		},
		"node_modules/isexe": {
			"version": "2.0.0",
			"resolved": "https://registry.npmjs.org/isexe/-/isexe-2.0.0.tgz",
			"integrity": "sha1-6PvzdNxVb/iUehDcsFctYz8s+hA=",
			"peer": true
		},
		"node_modules/lil-gui": {
			"version": "0.12.0",
			"resolved": "https://registry.npmjs.org/lil-gui/-/lil-gui-0.12.0.tgz",
			"integrity": "sha512-jnzLWIpjK0A0c+LqWAkjle04pffghn+cpCyK0XUraFcs647SmqhAjsNtkvKctbeSMCEcMjHcf+jVGrxzDULH6A==",
			"peer": true
		},
		"node_modules/path": {
			"version": "1.0.0",
			"resolved": "git+ssh://git@github.com/component/path.git#7b4f23c38833a5232cd5e3d50ccb8cd13dbcd2f4",
			"integrity": "sha512-weCqFe+FoOstAysrn4Op/Ie201rkZecCASSgKTOY072Gf1FZGSetpv8PHGPEjXLQ5FrOSiu8LrU3CYe5cG+thQ==",
			"peer": true
		},
		"node_modules/path-key": {
			"version": "3.1.1",
			"resolved": "https://registry.npmjs.org/path-key/-/path-key-3.1.1.tgz",
			"integrity": "sha512-ojmeN0qd+y0jszEtoY48r0Peq5dwMEkIlCOu6Q5f41lfkswXuKtYrhgoTpLnyIcHm24Uhqx+5Tqm2InSwLhE6Q==",
			"peer": true,
			"engines": {
				"node": ">=8"
			}
		},
		"node_modules/rxjs": {
			"version": "6.6.7",
			"resolved": "https://registry.npmjs.org/rxjs/-/rxjs-6.6.7.tgz",
			"integrity": "sha512-hTdwr+7yYNIT5n4AMYp85KA6yw2Va0FLa3Rguvbpa4W3I5xynaBZo41cM3XM+4Q6fRMj3sBYIR1VAmZMXYJvRQ==",
			"peer": true,
			"dependencies": {
				"tslib": "^1.9.0"
			},
			"engines": {
				"npm": ">=2.0.0"
			}
		},
		"node_modules/rxjs/node_modules/tslib": {
			"version": "1.14.1",
			"resolved": "https://registry.npmjs.org/tslib/-/tslib-1.14.1.tgz",
			"integrity": "sha512-Xni35NKzjgMrwevysHTCArtLDpPvye8zV/0E4EyYn43P7/7qvQwPh9BGkHewbMulVntbigmcT7rdX3BNo9wRJg==",
			"peer": true
		},
		"node_modules/shebang-command": {
			"version": "2.0.0",
			"resolved": "https://registry.npmjs.org/shebang-command/-/shebang-command-2.0.0.tgz",
			"integrity": "sha512-kHxr2zZpYtdmrN1qDjrrX/Z1rR1kG8Dx+gkpK1G4eXmvXswmcE1hTWBWYUzlraYw1/yZp6YuDY77YtvbN0dmDA==",
			"peer": true,
			"dependencies": {
				"shebang-regex": "^3.0.0"
			},
			"engines": {
				"node": ">=8"
			}
		},
		"node_modules/shebang-regex": {
			"version": "3.0.0",
			"resolved": "https://registry.npmjs.org/shebang-regex/-/shebang-regex-3.0.0.tgz",
			"integrity": "sha512-7++dFhtcx3353uBaq8DDR4NuxBetBzC7ZQOhmTQInHEd6bSrXdiEyzCvG07Z44UYdLShWUyXt5M/yhz8ekcb1A==",
			"peer": true,
			"engines": {
				"node": ">=8"
			}
		},
		"node_modules/three": {
			"version": "0.134.0",
			"resolved": "https://registry.npmjs.org/three/-/three-0.134.0.tgz",
			"integrity": "sha512-LbBerg7GaSPjYtTOnu41AMp7tV6efUNR3p4Wk5NzkSsNTBuA5mDGOfwwZL1jhhVMLx9V20HolIUo0+U3AXehbg==",
			"peer": true
		},
		"node_modules/tslib": {
			"version": "2.3.1",
			"resolved": "https://registry.npmjs.org/tslib/-/tslib-2.3.1.tgz",
			"integrity": "sha512-77EbyPPpMz+FRFRuAFlWMtmgUWGe9UOG2Z25NqCwiIjRhOf5iKGuzSe5P2w1laq+FkRy4p+PCuVkJSGkzTEKVw==",
			"peer": true
		},
		"node_modules/which": {
			"version": "2.0.2",
			"resolved": "https://registry.npmjs.org/which/-/which-2.0.2.tgz",
			"integrity": "sha512-BLI3Tl1TW3Pvl70l3yq3Y64i+awpwXqsGBYWkkqMtnbXgrMD+yj7rhW0kuEDxzJaYXGjEW5ogapKNMEKNMjibA==",
			"peer": true,
			"dependencies": {
				"isexe": "^2.0.0"
			},
			"bin": {
				"node-which": "bin/node-which"
			},
			"engines": {
				"node": ">= 8"
			}
		},
		"node_modules/zone.js": {
			"version": "0.11.4",
			"resolved": "https://registry.npmjs.org/zone.js/-/zone.js-0.11.4.tgz",
			"integrity": "sha512-DDh2Ab+A/B+9mJyajPjHFPWfYU1H+pdun4wnnk0OcQTNjem1XQSZ2CDW+rfZEUDjv5M19SBqAkjZi0x5wuB5Qw==",
			"peer": true,
			"dependencies": {
				"tslib": "^2.0.0"
			}
		}
	},
	"dependencies": {
		"@angular/common": {
			"version": "12.2.13",
			"resolved": "https://registry.npmjs.org/@angular/common/-/common-12.2.13.tgz",
			"integrity": "sha512-I1t/jl9ojCwTJKT7PKHnk23D+vMHTHS/9qZ2nndCjzGusMK8029nn8l3tHAkwefvxZWSaLAk1MgsVcP+rHQNsQ==",
			"peer": true,
			"requires": {
				"tslib": "^2.2.0"
			}
		},
		"@angular/core": {
			"version": "12.2.13",
			"resolved": "https://registry.npmjs.org/@angular/core/-/core-12.2.13.tgz",
			"integrity": "sha512-tZ5nAnmOi418JDaJIFiiP9z2JrluMJZvUvXO4QDUs52BXaL2yuP7MJ2LczWOVJXrBLZXeZGfjDjZmaFPA24grg==",
			"peer": true,
			"requires": {
				"tslib": "^2.2.0"
			}
		},
		"@types/chroma-js": {
			"version": "2.1.3",
			"resolved": "https://registry.npmjs.org/@types/chroma-js/-/chroma-js-2.1.3.tgz",
			"integrity": "sha512-1xGPhoSGY1CPmXLCBcjVZSQinFjL26vlR8ZqprsBWiFyED4JacJJ9zHhh5aaUXqbY9B37mKQ73nlydVAXmr1+g==",
			"peer": true
		},
		"@types/three": {
			"version": "0.134.0",
			"resolved": "https://registry.npmjs.org/@types/three/-/three-0.134.0.tgz",
			"integrity": "sha512-4YB+99Rgqq27EjiYTItEoZtdjLnTh8W9LxowgpC9eWsjaQJIL4Kn/ZcUKAnW3gB/jS4hqGN8iqmid+RcUZDzpA==",
			"peer": true
		},
		"ammojs-typed": {
			"version": "1.0.6",
			"resolved": "https://registry.npmjs.org/ammojs-typed/-/ammojs-typed-1.0.6.tgz",
			"integrity": "sha512-ut/tD0m5eEdlJ5KK97ma6SIEGZ4FN3AJTSVz8wl6C4EtnpVQdP70lOwgDMJKsHjTohxc2/xEZl6yJfMBZNlQ5w==",
			"peer": true
		},
		"chroma-js": {
			"version": "2.1.2",
			"resolved": "https://registry.npmjs.org/chroma-js/-/chroma-js-2.1.2.tgz",
			"integrity": "sha512-ri/ouYDWuxfus3UcaMxC1Tfp3IE9K5iQzxc2hSxbBRVNQFut1UuGAsZmiAf2mOUubzGJwgMSv9lHg+XqLaz1QQ==",
			"peer": true,
			"requires": {
				"cross-env": "^6.0.3"
			}
		},
		"cross-env": {
			"version": "6.0.3",
			"resolved": "https://registry.npmjs.org/cross-env/-/cross-env-6.0.3.tgz",
			"integrity": "sha512-+KqxF6LCvfhWvADcDPqo64yVIB31gv/jQulX2NGzKS/g3GEVz6/pt4wjHFtFWsHMddebWD/sDthJemzM4MaAag==",
			"peer": true,
			"requires": {
				"cross-spawn": "^7.0.0"
			}
		},
		"cross-spawn": {
			"version": "7.0.3",
			"resolved": "https://registry.npmjs.org/cross-spawn/-/cross-spawn-7.0.3.tgz",
			"integrity": "sha512-iRDPJKUPVEND7dHPO8rkbOnPpyDygcDFtWjpeWNCgy8WP2rXcxXL8TskReQl6OrB2G7+UJrags1q15Fudc7G6w==",
			"peer": true,
			"requires": {
				"path-key": "^3.1.0",
				"shebang-command": "^2.0.0",
				"which": "^2.0.1"
			}
		},
		"fs": {
			"version": "0.0.1-security",
			"resolved": "https://registry.npmjs.org/fs/-/fs-0.0.1-security.tgz",
			"integrity": "sha1-invTcYa23d84E/I4WLV+yq9eQdQ=",
			"peer": true
		},
		"fs-web": {
			"version": "1.0.1",
			"resolved": "https://registry.npmjs.org/fs-web/-/fs-web-1.0.1.tgz",
			"integrity": "sha1-UxfnF6+U2xaH2oKkj8buT4CLEhs=",
			"peer": true,
			"requires": {
				"path": "git://github.com/component/path.git#7b4f23c38833a5232cd5e3d50ccb8cd13dbcd2f4"
			}
		},
		"gsap": {
			"version": "3.8.0",
			"resolved": "https://registry.npmjs.org/gsap/-/gsap-3.8.0.tgz",
			"integrity": "sha512-cvpzKkWFePDZCycwXwJnDSpTR3j+a4QLQF/t0c+pXqzRESgAYx5hieaoshzZFjbwsARqr0+5c3GKE7wI273w/g==",
			"peer": true
		},
		"isexe": {
			"version": "2.0.0",
			"resolved": "https://registry.npmjs.org/isexe/-/isexe-2.0.0.tgz",
			"integrity": "sha1-6PvzdNxVb/iUehDcsFctYz8s+hA=",
			"peer": true
		},
		"lil-gui": {
			"version": "0.12.0",
			"resolved": "https://registry.npmjs.org/lil-gui/-/lil-gui-0.12.0.tgz",
			"integrity": "sha512-jnzLWIpjK0A0c+LqWAkjle04pffghn+cpCyK0XUraFcs647SmqhAjsNtkvKctbeSMCEcMjHcf+jVGrxzDULH6A==",
			"peer": true
		},
		"path": {
			"version": "git+ssh://git@github.com/component/path.git#7b4f23c38833a5232cd5e3d50ccb8cd13dbcd2f4",
			"integrity": "sha512-weCqFe+FoOstAysrn4Op/Ie201rkZecCASSgKTOY072Gf1FZGSetpv8PHGPEjXLQ5FrOSiu8LrU3CYe5cG+thQ==",
			"from": "path@git://github.com/component/path.git#7b4f23c38833a5232cd5e3d50ccb8cd13dbcd2f4",
			"peer": true
		},
		"path-key": {
			"version": "3.1.1",
			"resolved": "https://registry.npmjs.org/path-key/-/path-key-3.1.1.tgz",
			"integrity": "sha512-ojmeN0qd+y0jszEtoY48r0Peq5dwMEkIlCOu6Q5f41lfkswXuKtYrhgoTpLnyIcHm24Uhqx+5Tqm2InSwLhE6Q==",
			"peer": true
		},
		"rxjs": {
			"version": "6.6.7",
			"resolved": "https://registry.npmjs.org/rxjs/-/rxjs-6.6.7.tgz",
			"integrity": "sha512-hTdwr+7yYNIT5n4AMYp85KA6yw2Va0FLa3Rguvbpa4W3I5xynaBZo41cM3XM+4Q6fRMj3sBYIR1VAmZMXYJvRQ==",
			"peer": true,
			"requires": {
				"tslib": "^1.9.0"
			},
			"dependencies": {
				"tslib": {
					"version": "1.14.1",
					"resolved": "https://registry.npmjs.org/tslib/-/tslib-1.14.1.tgz",
					"integrity": "sha512-Xni35NKzjgMrwevysHTCArtLDpPvye8zV/0E4EyYn43P7/7qvQwPh9BGkHewbMulVntbigmcT7rdX3BNo9wRJg==",
					"peer": true
				}
			}
		},
		"shebang-command": {
			"version": "2.0.0",
			"resolved": "https://registry.npmjs.org/shebang-command/-/shebang-command-2.0.0.tgz",
			"integrity": "sha512-kHxr2zZpYtdmrN1qDjrrX/Z1rR1kG8Dx+gkpK1G4eXmvXswmcE1hTWBWYUzlraYw1/yZp6YuDY77YtvbN0dmDA==",
			"peer": true,
			"requires": {
				"shebang-regex": "^3.0.0"
			}
		},
		"shebang-regex": {
			"version": "3.0.0",
			"resolved": "https://registry.npmjs.org/shebang-regex/-/shebang-regex-3.0.0.tgz",
			"integrity": "sha512-7++dFhtcx3353uBaq8DDR4NuxBetBzC7ZQOhmTQInHEd6bSrXdiEyzCvG07Z44UYdLShWUyXt5M/yhz8ekcb1A==",
			"peer": true
		},
		"three": {
			"version": "0.134.0",
			"resolved": "https://registry.npmjs.org/three/-/three-0.134.0.tgz",
			"integrity": "sha512-LbBerg7GaSPjYtTOnu41AMp7tV6efUNR3p4Wk5NzkSsNTBuA5mDGOfwwZL1jhhVMLx9V20HolIUo0+U3AXehbg==",
			"peer": true
		},
		"tslib": {
			"version": "2.3.1",
			"resolved": "https://registry.npmjs.org/tslib/-/tslib-2.3.1.tgz",
			"integrity": "sha512-77EbyPPpMz+FRFRuAFlWMtmgUWGe9UOG2Z25NqCwiIjRhOf5iKGuzSe5P2w1laq+FkRy4p+PCuVkJSGkzTEKVw==",
			"peer": true
		},
		"which": {
			"version": "2.0.2",
			"resolved": "https://registry.npmjs.org/which/-/which-2.0.2.tgz",
			"integrity": "sha512-BLI3Tl1TW3Pvl70l3yq3Y64i+awpwXqsGBYWkkqMtnbXgrMD+yj7rhW0kuEDxzJaYXGjEW5ogapKNMEKNMjibA==",
			"peer": true,
			"requires": {
				"isexe": "^2.0.0"
			}
		},
		"zone.js": {
			"version": "0.11.4",
			"resolved": "https://registry.npmjs.org/zone.js/-/zone.js-0.11.4.tgz",
			"integrity": "sha512-DDh2Ab+A/B+9mJyajPjHFPWfYU1H+pdun4wnnk0OcQTNjem1XQSZ2CDW+rfZEUDjv5M19SBqAkjZi0x5wuB5Qw==",
			"peer": true,
			"requires": {
				"tslib": "^2.0.0"
			}
		}
	}
}
