{
	"name": "ngx3js",
	"version": "0.135.0-2021122014",
	"lockfileVersion": 2,
	"requires": true,
	"packages": {
		"": {
			"name": "ngx3js",
			"version": "0.135.0-2021122014",
			"license": "MIT",
			"dependencies": {
				"gsap": "^3.8.0",
				"three": "0.135.0",
				"tslib": "^2.3.0"
			},
			"bin": {
				"patch": "bin/patch.js"
			},
			"devDependencies": {
				"@types/three": "0.135.0",
				"rollup-plugin-polyfill-node": "^0.8.0"
			},
			"peerDependencies": {
				"@angular/common": ">=12.2.10",
				"@angular/core": ">=12.2.10",
				"rxjs": ">=6.6.7",
				"zone.js": ">=0.11.4"
			}
		},
		"node_modules/@angular/common": {
			"version": "13.1.1",
			"resolved": "https://registry.npmjs.org/@angular/common/-/common-13.1.1.tgz",
			"integrity": "sha512-FQwRZ1XgTH2PbPjBmq2jAZzETVNX9yWQt21MuNGtokC7V4eS0NYlFIDbhy3UPWCzRgd3+P7P4+HdX15VxCjf9g==",
			"peer": true,
			"dependencies": {
				"tslib": "^2.3.0"
			},
			"engines": {
				"node": "^12.20.0 || ^14.15.0 || >=16.10.0"
			},
			"peerDependencies": {
				"@angular/core": "13.1.1",
				"rxjs": "^6.5.3 || ^7.4.0"
			}
		},
		"node_modules/@angular/core": {
			"version": "13.1.1",
			"resolved": "https://registry.npmjs.org/@angular/core/-/core-13.1.1.tgz",
			"integrity": "sha512-oLGKgzUbHqte/q7EokOJWUiXAtBjwuZM6c9Or2a7WDJNeImQilxk5qy91RPSbP8FhOBysebqAayrfiCYexlShg==",
			"peer": true,
			"dependencies": {
				"tslib": "^2.3.0"
			},
			"engines": {
				"node": "^12.20.0 || ^14.15.0 || >=16.10.0"
			},
			"peerDependencies": {
				"rxjs": "^6.5.3 || ^7.4.0",
				"zone.js": "~0.11.4"
			}
		},
		"node_modules/@rollup/plugin-inject": {
			"version": "4.0.3",
			"resolved": "https://registry.npmjs.org/@rollup/plugin-inject/-/plugin-inject-4.0.3.tgz",
			"integrity": "sha512-lzMXmj0LZjd67MI+M8H9dk/oCxR0TYqYAdZ6ZOejWQLSUtud+FUPu4NCMAO8KyWWAalFo8ean7yFHCMvCNsCZw==",
			"dev": true,
			"dependencies": {
				"@rollup/pluginutils": "^3.1.0",
				"estree-walker": "^2.0.1",
				"magic-string": "^0.25.7"
			},
			"peerDependencies": {
				"rollup": "^1.20.0 || ^2.0.0"
			}
		},
		"node_modules/@rollup/pluginutils": {
			"version": "3.1.0",
			"resolved": "https://registry.npmjs.org/@rollup/pluginutils/-/pluginutils-3.1.0.tgz",
			"integrity": "sha512-GksZ6pr6TpIjHm8h9lSQ8pi8BE9VeubNT0OMJ3B5uZJ8pz73NPiqOtCog/x2/QzM1ENChPKxMDhiQuRHsqc+lg==",
			"dev": true,
			"dependencies": {
				"@types/estree": "0.0.39",
				"estree-walker": "^1.0.1",
				"picomatch": "^2.2.2"
			},
			"engines": {
				"node": ">= 8.0.0"
			},
			"peerDependencies": {
				"rollup": "^1.20.0||^2.0.0"
			}
		},
		"node_modules/@rollup/pluginutils/node_modules/estree-walker": {
			"version": "1.0.1",
			"resolved": "https://registry.npmjs.org/estree-walker/-/estree-walker-1.0.1.tgz",
			"integrity": "sha512-1fMXF3YP4pZZVozF8j/ZLfvnR8NSIljt56UhbZ5PeeDmmGHpgpdwQt7ITlGvYaQukCvuBRMLEiKiYC+oeIg4cg==",
			"dev": true
		},
		"node_modules/@types/estree": {
			"version": "0.0.39",
			"resolved": "https://registry.npmjs.org/@types/estree/-/estree-0.0.39.tgz",
			"integrity": "sha512-EYNwp3bU+98cpU4lAWYYL7Zz+2gryWH1qbdDTidVd6hkiR6weksdbMadyXKXNPEkQFhXM+hVO9ZygomHXp+AIw==",
			"dev": true
		},
		"node_modules/@types/three": {
			"version": "0.135.0",
			"resolved": "https://registry.npmjs.org/@types/three/-/three-0.135.0.tgz",
			"integrity": "sha512-l7WLhIHjhHMtlpyTSltPPAKLpiMwgMD1hXHj59AVUpYRoZP7Fd9NNOSRSvZBCPLpTHPYojgQvSJCoza9zoL7bg==",
			"dev": true
		},
		"node_modules/estree-walker": {
			"version": "2.0.2",
			"resolved": "https://registry.npmjs.org/estree-walker/-/estree-walker-2.0.2.tgz",
			"integrity": "sha512-Rfkk/Mp/DL7JVje3u18FxFujQlTNR2q6QfMSMB7AvCBx91NGj/ba3kCfza0f6dVDbw7YlRf/nDrn7pQrCCyQ/w==",
			"dev": true
		},
		"node_modules/fsevents": {
			"version": "2.3.2",
			"resolved": "https://registry.npmjs.org/fsevents/-/fsevents-2.3.2.tgz",
			"integrity": "sha512-xiqMQR4xAeHTuB9uWm+fFRcIOgKBMiOBP+eXiyT7jsgVCq1bkVygt00oASowB7EdtpOHaaPgKt812P9ab+DDKA==",
			"dev": true,
			"hasInstallScript": true,
			"optional": true,
			"os": [
				"darwin"
			],
			"peer": true,
			"engines": {
				"node": "^8.16.0 || ^10.6.0 || >=11.0.0"
			}
		},
		"node_modules/gsap": {
			"version": "3.8.0",
			"resolved": "https://registry.npmjs.org/gsap/-/gsap-3.8.0.tgz",
			"integrity": "sha512-cvpzKkWFePDZCycwXwJnDSpTR3j+a4QLQF/t0c+pXqzRESgAYx5hieaoshzZFjbwsARqr0+5c3GKE7wI273w/g=="
		},
		"node_modules/magic-string": {
			"version": "0.25.7",
			"resolved": "https://registry.npmjs.org/magic-string/-/magic-string-0.25.7.tgz",
			"integrity": "sha512-4CrMT5DOHTDk4HYDlzmwu4FVCcIYI8gauveasrdCu2IKIFOJ3f0v/8MDGJCDL9oD2ppz/Av1b0Nj345H9M+XIA==",
			"dev": true,
			"dependencies": {
				"sourcemap-codec": "^1.4.4"
			}
		},
		"node_modules/picomatch": {
			"version": "2.3.0",
			"resolved": "https://registry.npmjs.org/picomatch/-/picomatch-2.3.0.tgz",
			"integrity": "sha512-lY1Q/PiJGC2zOv/z391WOTD+Z02bCgsFfvxoXXf6h7kv9o+WmsmzYqrAwY63sNgOxE4xEdq0WyUnXfKeBrSvYw==",
			"dev": true,
			"engines": {
				"node": ">=8.6"
			},
			"funding": {
				"url": "https://github.com/sponsors/jonschlinkert"
			}
		},
		"node_modules/rollup": {
			"version": "2.61.1",
			"resolved": "https://registry.npmjs.org/rollup/-/rollup-2.61.1.tgz",
			"integrity": "sha512-BbTXlEvB8d+XFbK/7E5doIcRtxWPRiqr0eb5vQ0+2paMM04Ye4PZY5nHOQef2ix24l/L0SpLd5hwcH15QHPdvA==",
			"dev": true,
			"peer": true,
			"bin": {
				"rollup": "dist/bin/rollup"
			},
			"engines": {
				"node": ">=10.0.0"
			},
			"optionalDependencies": {
				"fsevents": "~2.3.2"
			}
		},
		"node_modules/rollup-plugin-polyfill-node": {
			"version": "0.8.0",
			"resolved": "https://registry.npmjs.org/rollup-plugin-polyfill-node/-/rollup-plugin-polyfill-node-0.8.0.tgz",
			"integrity": "sha512-C4UeKedOmOBkB3FgR+z/v9kzRwV1Q/H8xWs1u1+CNe4XOV6hINfOrcO+TredKxYvopCmr+WKUSNsFUnD1RLHgQ==",
			"dev": true,
			"dependencies": {
				"@rollup/plugin-inject": "^4.0.0"
			},
			"peerDependencies": {
				"rollup": "^1.20.0 || ^2.0.0"
			}
		},
		"node_modules/rxjs": {
			"version": "7.4.0",
			"resolved": "https://registry.npmjs.org/rxjs/-/rxjs-7.4.0.tgz",
			"integrity": "sha512-7SQDi7xeTMCJpqViXh8gL/lebcwlp3d831F05+9B44A4B0WfsEwUQHR64gsH1kvJ+Ep/J9K2+n1hVl1CsGN23w==",
			"peer": true,
			"dependencies": {
				"tslib": "~2.1.0"
			}
		},
		"node_modules/rxjs/node_modules/tslib": {
			"version": "2.1.0",
			"resolved": "https://registry.npmjs.org/tslib/-/tslib-2.1.0.tgz",
			"integrity": "sha512-hcVC3wYEziELGGmEEXue7D75zbwIIVUMWAVbHItGPx0ziyXxrOMQx4rQEVEV45Ut/1IotuEvwqPopzIOkDMf0A==",
			"peer": true
		},
		"node_modules/sourcemap-codec": {
			"version": "1.4.8",
			"resolved": "https://registry.npmjs.org/sourcemap-codec/-/sourcemap-codec-1.4.8.tgz",
			"integrity": "sha512-9NykojV5Uih4lgo5So5dtw+f0JgJX30KCNI8gwhz2J9A15wD0Ml6tjHKwf6fTSa6fAdVBdZeNOs9eJ71qCk8vA==",
			"dev": true
		},
		"node_modules/three": {
			"version": "0.135.0",
			"resolved": "https://registry.npmjs.org/three/-/three-0.135.0.tgz",
			"integrity": "sha512-kuEpuuxRzLv0MDsXai9huCxOSQPZ4vje6y0gn80SRmQvgz6/+rI0NAvCRAw56zYaWKMGMfqKWsxF9Qa2Z9xymQ=="
		},
		"node_modules/tslib": {
			"version": "2.3.1",
			"resolved": "https://registry.npmjs.org/tslib/-/tslib-2.3.1.tgz",
			"integrity": "sha512-77EbyPPpMz+FRFRuAFlWMtmgUWGe9UOG2Z25NqCwiIjRhOf5iKGuzSe5P2w1laq+FkRy4p+PCuVkJSGkzTEKVw=="
		},
		"node_modules/zone.js": {
			"version": "0.11.4",
			"resolved": "https://registry.npmjs.org/zone.js/-/zone.js-0.11.4.tgz",
			"integrity": "sha512-DDh2Ab+A/B+9mJyajPjHFPWfYU1H+pdun4wnnk0OcQTNjem1XQSZ2CDW+rfZEUDjv5M19SBqAkjZi0x5wuB5Qw==",
			"peer": true,
			"dependencies": {
				"tslib": "^2.0.0"
			}
		}
	},
	"dependencies": {
		"@angular/common": {
			"version": "13.1.1",
			"resolved": "https://registry.npmjs.org/@angular/common/-/common-13.1.1.tgz",
			"integrity": "sha512-FQwRZ1XgTH2PbPjBmq2jAZzETVNX9yWQt21MuNGtokC7V4eS0NYlFIDbhy3UPWCzRgd3+P7P4+HdX15VxCjf9g==",
			"peer": true,
			"requires": {
				"tslib": "^2.3.0"
			}
		},
		"@angular/core": {
			"version": "13.1.1",
			"resolved": "https://registry.npmjs.org/@angular/core/-/core-13.1.1.tgz",
			"integrity": "sha512-oLGKgzUbHqte/q7EokOJWUiXAtBjwuZM6c9Or2a7WDJNeImQilxk5qy91RPSbP8FhOBysebqAayrfiCYexlShg==",
			"peer": true,
			"requires": {
				"tslib": "^2.3.0"
			}
		},
		"@rollup/plugin-inject": {
			"version": "4.0.3",
			"resolved": "https://registry.npmjs.org/@rollup/plugin-inject/-/plugin-inject-4.0.3.tgz",
			"integrity": "sha512-lzMXmj0LZjd67MI+M8H9dk/oCxR0TYqYAdZ6ZOejWQLSUtud+FUPu4NCMAO8KyWWAalFo8ean7yFHCMvCNsCZw==",
			"dev": true,
			"requires": {
				"@rollup/pluginutils": "^3.1.0",
				"estree-walker": "^2.0.1",
				"magic-string": "^0.25.7"
			}
		},
		"@rollup/pluginutils": {
			"version": "3.1.0",
			"resolved": "https://registry.npmjs.org/@rollup/pluginutils/-/pluginutils-3.1.0.tgz",
			"integrity": "sha512-GksZ6pr6TpIjHm8h9lSQ8pi8BE9VeubNT0OMJ3B5uZJ8pz73NPiqOtCog/x2/QzM1ENChPKxMDhiQuRHsqc+lg==",
			"dev": true,
			"requires": {
				"@types/estree": "0.0.39",
				"estree-walker": "^1.0.1",
				"picomatch": "^2.2.2"
			},
			"dependencies": {
				"estree-walker": {
					"version": "1.0.1",
					"resolved": "https://registry.npmjs.org/estree-walker/-/estree-walker-1.0.1.tgz",
					"integrity": "sha512-1fMXF3YP4pZZVozF8j/ZLfvnR8NSIljt56UhbZ5PeeDmmGHpgpdwQt7ITlGvYaQukCvuBRMLEiKiYC+oeIg4cg==",
					"dev": true
				}
			}
		},
		"@types/estree": {
			"version": "0.0.39",
			"resolved": "https://registry.npmjs.org/@types/estree/-/estree-0.0.39.tgz",
			"integrity": "sha512-EYNwp3bU+98cpU4lAWYYL7Zz+2gryWH1qbdDTidVd6hkiR6weksdbMadyXKXNPEkQFhXM+hVO9ZygomHXp+AIw==",
			"dev": true
		},
		"@types/three": {
			"version": "0.135.0",
			"resolved": "https://registry.npmjs.org/@types/three/-/three-0.135.0.tgz",
			"integrity": "sha512-l7WLhIHjhHMtlpyTSltPPAKLpiMwgMD1hXHj59AVUpYRoZP7Fd9NNOSRSvZBCPLpTHPYojgQvSJCoza9zoL7bg==",
			"dev": true
		},
		"estree-walker": {
			"version": "2.0.2",
			"resolved": "https://registry.npmjs.org/estree-walker/-/estree-walker-2.0.2.tgz",
			"integrity": "sha512-Rfkk/Mp/DL7JVje3u18FxFujQlTNR2q6QfMSMB7AvCBx91NGj/ba3kCfza0f6dVDbw7YlRf/nDrn7pQrCCyQ/w==",
			"dev": true
		},
		"fsevents": {
			"version": "2.3.2",
			"resolved": "https://registry.npmjs.org/fsevents/-/fsevents-2.3.2.tgz",
			"integrity": "sha512-xiqMQR4xAeHTuB9uWm+fFRcIOgKBMiOBP+eXiyT7jsgVCq1bkVygt00oASowB7EdtpOHaaPgKt812P9ab+DDKA==",
			"dev": true,
			"optional": true,
			"peer": true
		},
		"gsap": {
			"version": "3.8.0",
			"resolved": "https://registry.npmjs.org/gsap/-/gsap-3.8.0.tgz",
			"integrity": "sha512-cvpzKkWFePDZCycwXwJnDSpTR3j+a4QLQF/t0c+pXqzRESgAYx5hieaoshzZFjbwsARqr0+5c3GKE7wI273w/g=="
		},
		"magic-string": {
			"version": "0.25.7",
			"resolved": "https://registry.npmjs.org/magic-string/-/magic-string-0.25.7.tgz",
			"integrity": "sha512-4CrMT5DOHTDk4HYDlzmwu4FVCcIYI8gauveasrdCu2IKIFOJ3f0v/8MDGJCDL9oD2ppz/Av1b0Nj345H9M+XIA==",
			"dev": true,
			"requires": {
				"sourcemap-codec": "^1.4.4"
			}
		},
		"picomatch": {
			"version": "2.3.0",
			"resolved": "https://registry.npmjs.org/picomatch/-/picomatch-2.3.0.tgz",
			"integrity": "sha512-lY1Q/PiJGC2zOv/z391WOTD+Z02bCgsFfvxoXXf6h7kv9o+WmsmzYqrAwY63sNgOxE4xEdq0WyUnXfKeBrSvYw==",
			"dev": true
		},
		"rollup": {
			"version": "2.61.1",
			"resolved": "https://registry.npmjs.org/rollup/-/rollup-2.61.1.tgz",
			"integrity": "sha512-BbTXlEvB8d+XFbK/7E5doIcRtxWPRiqr0eb5vQ0+2paMM04Ye4PZY5nHOQef2ix24l/L0SpLd5hwcH15QHPdvA==",
			"dev": true,
			"peer": true,
			"requires": {
				"fsevents": "~2.3.2"
			}
		},
		"rollup-plugin-polyfill-node": {
			"version": "0.8.0",
			"resolved": "https://registry.npmjs.org/rollup-plugin-polyfill-node/-/rollup-plugin-polyfill-node-0.8.0.tgz",
			"integrity": "sha512-C4UeKedOmOBkB3FgR+z/v9kzRwV1Q/H8xWs1u1+CNe4XOV6hINfOrcO+TredKxYvopCmr+WKUSNsFUnD1RLHgQ==",
			"dev": true,
			"requires": {
				"@rollup/plugin-inject": "^4.0.0"
			}
		},
		"rxjs": {
			"version": "7.4.0",
			"resolved": "https://registry.npmjs.org/rxjs/-/rxjs-7.4.0.tgz",
			"integrity": "sha512-7SQDi7xeTMCJpqViXh8gL/lebcwlp3d831F05+9B44A4B0WfsEwUQHR64gsH1kvJ+Ep/J9K2+n1hVl1CsGN23w==",
			"peer": true,
			"requires": {
				"tslib": "~2.1.0"
			},
			"dependencies": {
				"tslib": {
					"version": "2.1.0",
					"resolved": "https://registry.npmjs.org/tslib/-/tslib-2.1.0.tgz",
					"integrity": "sha512-hcVC3wYEziELGGmEEXue7D75zbwIIVUMWAVbHItGPx0ziyXxrOMQx4rQEVEV45Ut/1IotuEvwqPopzIOkDMf0A==",
					"peer": true
				}
			}
		},
		"sourcemap-codec": {
			"version": "1.4.8",
			"resolved": "https://registry.npmjs.org/sourcemap-codec/-/sourcemap-codec-1.4.8.tgz",
			"integrity": "sha512-9NykojV5Uih4lgo5So5dtw+f0JgJX30KCNI8gwhz2J9A15wD0Ml6tjHKwf6fTSa6fAdVBdZeNOs9eJ71qCk8vA==",
			"dev": true
		},
		"three": {
			"version": "0.135.0",
			"resolved": "https://registry.npmjs.org/three/-/three-0.135.0.tgz",
			"integrity": "sha512-kuEpuuxRzLv0MDsXai9huCxOSQPZ4vje6y0gn80SRmQvgz6/+rI0NAvCRAw56zYaWKMGMfqKWsxF9Qa2Z9xymQ=="
		},
		"tslib": {
			"version": "2.3.1",
			"resolved": "https://registry.npmjs.org/tslib/-/tslib-2.3.1.tgz",
			"integrity": "sha512-77EbyPPpMz+FRFRuAFlWMtmgUWGe9UOG2Z25NqCwiIjRhOf5iKGuzSe5P2w1laq+FkRy4p+PCuVkJSGkzTEKVw=="
		},
		"zone.js": {
			"version": "0.11.4",
			"resolved": "https://registry.npmjs.org/zone.js/-/zone.js-0.11.4.tgz",
			"integrity": "sha512-DDh2Ab+A/B+9mJyajPjHFPWfYU1H+pdun4wnnk0OcQTNjem1XQSZ2CDW+rfZEUDjv5M19SBqAkjZi0x5wuB5Qw==",
			"peer": true,
			"requires": {
				"tslib": "^2.0.0"
			}
		}
	}
}
